Microsoft Visual Studio Solution File, Format Version 12.00
# Visual Studio Version 17
VisualStudioVersion = 17.5.2.0
MinimumVisualStudioVersion = 10.0.40219.1
Project("{FAE04EC0-301F-11D3-BF4B-00C04F79EFBC}") = "McpCommerceServer", "McpCommerceServer.csproj", "{A8775940-65A7-4F97-2501-A776E5690A61}"
EndProject
Global
	GlobalSection(SolutionConfigurationPlatforms) = preSolution
		Debug|Any CPU = Debug|Any CPU
		Release|Any CPU = Release|Any CPU
	EndGlobalSection
	GlobalSection(ProjectConfigurationPlatforms) = postSolution
		{A8775940-65A7-4F97-2501-A776E5690A61}.Debug|Any CPU.ActiveCfg = Debug|Any CPU
		{A8775940-65A7-4F97-2501-A776E5690A61}.Debug|Any CPU.Build.0 = Debug|Any CPU
		{A8775940-65A7-4F97-2501-A776E5690A61}.Release|Any CPU.ActiveCfg = Release|Any CPU
		{A8775940-65A7-4F97-2501-A776E5690A61}.Release|Any CPU.Build.0 = Release|Any CPU
	EndGlobalSection
	GlobalSection(SolutionProperties) = preSolution
		HideSolutionNode = FALSE
	EndGlobalSection
	GlobalSection(ExtensibilityGlobals) = postSolution
		SolutionGuid = {9E37BCB8-CE03-4771-9D83-BCC19222A2B4}
	EndGlobalSection
EndGlobal
